
Microsoft Visual Studio Solution File, Format Version 12.00
# Visual Studio Version 17
VisualStudioVersion = 17.8.34525.116
MinimumVisualStudioVersion = 10.0.40219.1
Project("{FAE04EC0-301F-11D3-BF4B-00C04F79EFBC}") = "TheMovies", "TheMovies.csproj", "{C8DF776B-0909-49CC-924E-453B05D875D0}"
EndProject
Global
	GlobalSection(SolutionConfigurationPlatforms) = preSolution
		Debug|Any CPU = Debug|Any CPU
		Release|Any CPU = Release|Any CPU
	EndGlobalSection
	GlobalSection(ProjectConfigurationPlatforms) = postSolution
		{C8DF776B-0909-49CC-924E-453B05D875D0}.Debug|Any CPU.ActiveCfg = Debug|Any CPU
		{C8DF776B-0909-49CC-924E-453B05D875D0}.Debug|Any CPU.Build.0 = Debug|Any CPU
		{C8DF776B-0909-49CC-924E-453B05D875D0}.Release|Any CPU.ActiveCfg = Release|Any CPU
		{C8DF776B-0909-49CC-924E-453B05D875D0}.Release|Any CPU.Build.0 = Release|Any CPU
	EndGlobalSection
	GlobalSection(SolutionProperties) = preSolution
		HideSolutionNode = FALSE
	EndGlobalSection
	GlobalSection(ExtensibilityGlobals) = postSolution
		SolutionGuid = {8C33E720-4CD0-4846-B027-BC903DDC5545}
	EndGlobalSection
EndGlobal
